// !$*UTF8*$!
{
	archiveVersion = 1;
	classes = {
	};
	objectVersion = 46;
	objects = {

/* Begin PBXBuildFile section */
		E4B450801C49B7B30075E8B3 /* AppDelegate.swift in Sources */ = {isa = PBXBuildFile; fileRef = E4B4507F1C49B7B30075E8B3 /* AppDelegate.swift */; };
		E4B450821C49B7B30075E8B3 /* ViewController.swift in Sources */ = {isa = PBXBuildFile; fileRef = E4B450811C49B7B30075E8B3 /* ViewController.swift */; };
		E4B450851C49B7B30075E8B3 /* Main.storyboard in Resources */ = {isa = PBXBuildFile; fileRef = E4B450831C49B7B30075E8B3 /* Main.storyboard */; };
		E4B450881C49B7B30075E8B3 /* Grocery_List.xcdatamodeld in Sources */ = {isa = PBXBuildFile; fileRef = E4B450861C49B7B30075E8B3 /* Grocery_List.xcdatamodeld */; };
		E4B4508A1C49B7B30075E8B3 /* Assets.xcassets in Resources */ = {isa = PBXBuildFile; fileRef = E4B450891C49B7B30075E8B3 /* Assets.xcassets */; };
		E4B4508D1C49B7B30075E8B3 /* LaunchScreen.storyboard in Resources */ = {isa = PBXBuildFile; fileRef = E4B4508B1C49B7B30075E8B3 /* LaunchScreen.storyboard */; };
		E4B450981C49B7B30075E8B3 /* Grocery_ListTests.swift in Sources */ = {isa = PBXBuildFile; fileRef = E4B450971C49B7B30075E8B3 /* Grocery_ListTests.swift */; };
		E4B450A31C49B7B30075E8B3 /* Grocery_ListUITests.swift in Sources */ = {isa = PBXBuildFile; fileRef = E4B450A21C49B7B30075E8B3 /* Grocery_ListUITests.swift */; };
/* End PBXBuildFile section */

/* Begin PBXContainerItemProxy section */
		E4B450941C49B7B30075E8B3 /* PBXContainerItemProxy */ = {
			isa = PBXContainerItemProxy;
			containerPortal = E4B450741C49B7B30075E8B3 /* Project object */;
			proxyType = 1;
			remoteGlobalIDString = E4B4507B1C49B7B30075E8B3;
			remoteInfo = "Grocery List";
		};
		E4B4509F1C49B7B30075E8B3 /* PBXContainerItemProxy */ = {
			isa = PBXContainerItemProxy;
			containerPortal = E4B450741C49B7B30075E8B3 /* Project object */;
			proxyType = 1;
			remoteGlobalIDString = E4B4507B1C49B7B30075E8B3;
			remoteInfo = "Grocery List";
		};
/* End PBXContainerItemProxy section */

/* Begin PBXFileReference section */
		E4B4507C1C49B7B30075E8B3 /* Grocery List.app */ = {isa = PBXFileReference; explicitFileType = wrapper.application; includeInIndex = 0; path = "Grocery List.app"; sourceTree = BUILT_PRODUCTS_DIR; };
		E4B4507F1C49B7B30075E8B3 /* AppDelegate.swift */ = {isa = PBXFileReference; lastKnownFileType = sourcecode.swift; path = AppDelegate.swift; sourceTree = "<group>"; };
		E4B450811C49B7B30075E8B3 /* ViewController.swift */ = {isa = PBXFileReference; lastKnownFileType = sourcecode.swift; path = ViewController.swift; sourceTree = "<group>"; };
		E4B450841C49B7B30075E8B3 /* Base */ = {isa = PBXFileReference; lastKnownFileType = file.storyboard; name = Base; path = Base.lproj/Main.storyboard; sourceTree = "<group>"; };
		E4B450871C49B7B30075E8B3 /* Grocery_List.xcdatamodel */ = {isa = PBXFileReference; lastKnownFileType = wrapper.xcdatamodel; path = Grocery_List.xcdatamodel; sourceTree = "<group>"; };
		E4B450891C49B7B30075E8B3 /* Assets.xcassets */ = {isa = PBXFileReference; lastKnownFileType = folder.assetcatalog; path = Assets.xcassets; sourceTree = "<group>"; };
		E4B4508C1C49B7B30075E8B3 /* Base */ = {isa = PBXFileReference; lastKnownFileType = file.storyboard; name = Base; path = Base.lproj/LaunchScreen.storyboard; sourceTree = "<group>"; };
		E4B4508E1C49B7B30075E8B3 /* Info.plist */ = {isa = PBXFileReference; lastKnownFileType = text.plist.xml; path = Info.plist; sourceTree = "<group>"; };
		E4B450931C49B7B30075E8B3 /* Grocery ListTests.xctest */ = {isa = PBXFileReference; explicitFileType = wrapper.cfbundle; includeInIndex = 0; path = "Grocery ListTests.xctest"; sourceTree = BUILT_PRODUCTS_DIR; };
		E4B450971C49B7B30075E8B3 /* Grocery_ListTests.swift */ = {isa = PBXFileReference; lastKnownFileType = sourcecode.swift; path = Grocery_ListTests.swift; sourceTree = "<group>"; };
		E4B450991C49B7B30075E8B3 /* Info.plist */ = {isa = PBXFileReference; lastKnownFileType = text.plist.xml; path = Info.plist; sourceTree = "<group>"; };
		E4B4509E1C49B7B30075E8B3 /* Grocery ListUITests.xctest */ = {isa = PBXFileReference; explicitFileType = wrapper.cfbundle; includeInIndex = 0; path = "Grocery ListUITests.xctest"; sourceTree = BUILT_PRODUCTS_DIR; };
		E4B450A21C49B7B30075E8B3 /* Grocery_ListUITests.swift */ = {isa = PBXFileReference; lastKnownFileType = sourcecode.swift; path = Grocery_ListUITests.swift; sourceTree = "<group>"; };
		E4B450A41C49B7B30075E8B3 /* Info.plist */ = {isa = PBXFileReference; lastKnownFileType = text.plist.xml; path = Info.plist; sourceTree = "<group>"; };
/* End PBXFileReference section */

/* Begin PBXFrameworksBuildPhase section */
		E4B450791C49B7B30075E8B3 /* Frameworks */ = {
			isa = PBXFrameworksBuildPhase;
			buildActionMask = 2147483647;
			files = (
			);
			runOnlyForDeploymentPostprocessing = 0;
		};
		E4B450901C49B7B30075E8B3 /* Frameworks */ = {
			isa = PBXFrameworksBuildPhase;
			buildActionMask = 2147483647;
			files = (
			);
			runOnlyForDeploymentPostprocessing = 0;
		};
		E4B4509B1C49B7B30075E8B3 /* Frameworks */ = {
			isa = PBXFrameworksBuildPhase;
			buildActionMask = 2147483647;
			files = (
			);
			runOnlyForDeploymentPostprocessing = 0;
		};
/* End PBXFrameworksBuildPhase section */

/* Begin PBXGroup section */
		E4B450731C49B7B30075E8B3 = {
			isa = PBXGroup;
			children = (
				E4B4507E1C49B7B30075E8B3 /* Grocery List */,
				E4B450961C49B7B30075E8B3 /* Grocery ListTests */,
				E4B450A11C49B7B30075E8B3 /* Grocery ListUITests */,
				E4B4507D1C49B7B30075E8B3 /* Products */,
			);
			sourceTree = "<group>";
		};
		E4B4507D1C49B7B30075E8B3 /* Products */ = {
			isa = PBXGroup;
			children = (
				E4B4507C1C49B7B30075E8B3 /* Grocery List.app */,
				E4B450931C49B7B30075E8B3 /* Grocery ListTests.xctest */,
				E4B4509E1C49B7B30075E8B3 /* Grocery ListUITests.xctest */,
			);
			name = Products;
			sourceTree = "<group>";
		};
		E4B4507E1C49B7B30075E8B3 /* Grocery List */ = {
			isa = PBXGroup;
			children = (
				E4B4507F1C49B7B30075E8B3 /* AppDelegate.swift */,
				E4B450811C49B7B30075E8B3 /* ViewController.swift */,
				E4B450831C49B7B30075E8B3 /* Main.storyboard */,
				E4B450891C49B7B30075E8B3 /* Assets.xcassets */,
				E4B4508B1C49B7B30075E8B3 /* LaunchScreen.storyboard */,
				E4B4508E1C49B7B30075E8B3 /* Info.plist */,
				E4B450861C49B7B30075E8B3 /* Grocery_List.xcdatamodeld */,
			);
			path = "Grocery List";
			sourceTree = "<group>";
		};
		E4B450961C49B7B30075E8B3 /* Grocery ListTests */ = {
			isa = PBXGroup;
			children = (
				E4B450971C49B7B30075E8B3 /* Grocery_ListTests.swift */,
				E4B450991C49B7B30075E8B3 /* Info.plist */,
			);
			path = "Grocery ListTests";
			sourceTree = "<group>";
		};
		E4B450A11C49B7B30075E8B3 /* Grocery ListUITests */ = {
			isa = PBXGroup;
			children = (
				E4B450A21C49B7B30075E8B3 /* Grocery_ListUITests.swift */,
				E4B450A41C49B7B30075E8B3 /* Info.plist */,
			);
			path = "Grocery ListUITests";
			sourceTree = "<group>";
		};
/* End PBXGroup section */

/* Begin PBXNativeTarget section */
		E4B4507B1C49B7B30075E8B3 /* Grocery List */ = {
			isa = PBXNativeTarget;
			buildConfigurationList = E4B450A71C49B7B30075E8B3 /* Build configuration list for PBXNativeTarget "Grocery List" */;
			buildPhases = (
				E4B450781C49B7B30075E8B3 /* Sources */,
				E4B450791C49B7B30075E8B3 /* Frameworks */,
				E4B4507A1C49B7B30075E8B3 /* Resources */,
			);
			buildRules = (
			);
			dependencies = (
			);
			name = "Grocery List";
			productName = "Grocery List";
			productReference = E4B4507C1C49B7B30075E8B3 /* Grocery List.app */;
			productType = "com.apple.product-type.application";
		};
		E4B450921C49B7B30075E8B3 /* Grocery ListTests */ = {
			isa = PBXNativeTarget;
			buildConfigurationList = E4B450AA1C49B7B30075E8B3 /* Build configuration list for PBXNativeTarget "Grocery ListTests" */;
			buildPhases = (
				E4B4508F1C49B7B30075E8B3 /* Sources */,
				E4B450901C49B7B30075E8B3 /* Frameworks */,
				E4B450911C49B7B30075E8B3 /* Resources */,
			);
			buildRules = (
			);
			dependencies = (
				E4B450951C49B7B30075E8B3 /* PBXTargetDependency */,
			);
			name = "Grocery ListTests";
			productName = "Grocery ListTests";
			productReference = E4B450931C49B7B30075E8B3 /* Grocery ListTests.xctest */;
			productType = "com.apple.product-type.bundle.unit-test";
		};
		E4B4509D1C49B7B30075E8B3 /* Grocery ListUITests */ = {
			isa = PBXNativeTarget;
			buildConfigurationList = E4B450AD1C49B7B30075E8B3 /* Build configuration list for PBXNativeTarget "Grocery ListUITests" */;
			buildPhases = (
				E4B4509A1C49B7B30075E8B3 /* Sources */,
				E4B4509B1C49B7B30075E8B3 /* Frameworks */,
				E4B4509C1C49B7B30075E8B3 /* Resources */,
			);
			buildRules = (
			);
			dependencies = (
				E4B450A01C49B7B30075E8B3 /* PBXTargetDependency */,
			);
			name = "Grocery ListUITests";
			productName = "Grocery ListUITests";
			productReference = E4B4509E1C49B7B30075E8B3 /* Grocery ListUITests.xctest */;
			productType = "com.apple.product-type.bundle.ui-testing";
		};
/* End PBXNativeTarget section */

/* Begin PBXProject section */
		E4B450741C49B7B30075E8B3 /* Project object */ = {
			isa = PBXProject;
			attributes = {
				LastSwiftUpdateCheck = 0720;
				LastUpgradeCheck = 0720;
				ORGANIZATIONNAME = "Roman Puzey";
				TargetAttributes = {
					E4B4507B1C49B7B30075E8B3 = {
						CreatedOnToolsVersion = 7.2;
						DevelopmentTeam = URRFBAQJ2L;
					};
					E4B450921C49B7B30075E8B3 = {
						CreatedOnToolsVersion = 7.2;
						DevelopmentTeam = URRFBAQJ2L;
						TestTargetID = E4B4507B1C49B7B30075E8B3;
					};
					E4B4509D1C49B7B30075E8B3 = {
						CreatedOnToolsVersion = 7.2;
						DevelopmentTeam = URRFBAQJ2L;
						TestTargetID = E4B4507B1C49B7B30075E8B3;
					};
				};
			};
			buildConfigurationList = E4B450771C49B7B30075E8B3 /* Build configuration list for PBXProject "Grocery List" */;
			compatibilityVersion = "Xcode 3.2";
			developmentRegion = English;
			hasScannedForEncodings = 0;
			knownRegions = (
				en,
				Base,
			);
			mainGroup = E4B450731C49B7B30075E8B3;
			productRefGroup = E4B4507D1C49B7B30075E8B3 /* Products */;
			projectDirPath = "";
			projectRoot = "";
			targets = (
				E4B4507B1C49B7B30075E8B3 /* Grocery List */,
				E4B450921C49B7B30075E8B3 /* Grocery ListTests */,
				E4B4509D1C49B7B30075E8B3 /* Grocery ListUITests */,
			);
		};
/* End PBXProject section */

/* Begin PBXResourcesBuildPhase section */
		E4B4507A1C49B7B30075E8B3 /* Resources */ = {
			isa = PBXResourcesBuildPhase;
			buildActionMask = 2147483647;
			files = (
				E4B4508D1C49B7B30075E8B3 /* LaunchScreen.storyboard in Resources */,
				E4B4508A1C49B7B30075E8B3 /* Assets.xcassets in Resources */,
				E4B450851C49B7B30075E8B3 /* Main.storyboard in Resources */,
			);
			runOnlyForDeploymentPostprocessing = 0;
		};
		E4B450911C49B7B30075E8B3 /* Resources */ = {
			isa = PBXResourcesBuildPhase;
			buildActionMask = 2147483647;
			files = (
			);
			runOnlyForDeploymentPostprocessing = 0;
		};
		E4B4509C1C49B7B30075E8B3 /* Resources */ = {
			isa = PBXResourcesBuildPhase;
			buildActionMask = 2147483647;
			files = (
			);
			runOnlyForDeploymentPostprocessing = 0;
		};
/* End PBXResourcesBuildPhase section */

/* Begin PBXSourcesBuildPhase section */
		E4B450781C49B7B30075E8B3 /* Sources */ = {
			isa = PBXSourcesBuildPhase;
			buildActionMask = 2147483647;
			files = (
				E4B450821C49B7B30075E8B3 /* ViewController.swift in Sources */,
				E4B450801C49B7B30075E8B3 /* AppDelegate.swift in Sources */,
				E4B450881C49B7B30075E8B3 /* Grocery_List.xcdatamodeld in Sources */,
			);
			runOnlyForDeploymentPostprocessing = 0;
		};
		E4B4508F1C49B7B30075E8B3 /* Sources */ = {
			isa = PBXSourcesBuildPhase;
			buildActionMask = 2147483647;
			files = (
				E4B450981C49B7B30075E8B3 /* Grocery_ListTests.swift in Sources */,
			);
			runOnlyForDeploymentPostprocessing = 0;
		};
		E4B4509A1C49B7B30075E8B3 /* Sources */ = {
			isa = PBXSourcesBuildPhase;
			buildActionMask = 2147483647;
			files = (
				E4B450A31C49B7B30075E8B3 /* Grocery_ListUITests.swift in Sources */,
			);
			runOnlyForDeploymentPostprocessing = 0;
		};
/* End PBXSourcesBuildPhase section */

/* Begin PBXTargetDependency section */
		E4B450951C49B7B30075E8B3 /* PBXTargetDependency */ = {
			isa = PBXTargetDependency;
			target = E4B4507B1C49B7B30075E8B3 /* Grocery List */;
			targetProxy = E4B450941C49B7B30075E8B3 /* PBXContainerItemProxy */;
		};
		E4B450A01C49B7B30075E8B3 /* PBXTargetDependency */ = {
			isa = PBXTargetDependency;
			target = E4B4507B1C49B7B30075E8B3 /* Grocery List */;
			targetProxy = E4B4509F1C49B7B30075E8B3 /* PBXContainerItemProxy */;
		};
/* End PBXTargetDependency section */

/* Begin PBXVariantGroup section */
		E4B450831C49B7B30075E8B3 /* Main.storyboard */ = {
			isa = PBXVariantGroup;
			children = (
				E4B450841C49B7B30075E8B3 /* Base */,
			);
			name = Main.storyboard;
			sourceTree = "<group>";
		};
		E4B4508B1C49B7B30075E8B3 /* LaunchScreen.storyboard */ = {
			isa = PBXVariantGroup;
			children = (
				E4B4508C1C49B7B30075E8B3 /* Base */,
			);
			name = LaunchScreen.storyboard;
			sourceTree = "<group>";
		};
/* End PBXVariantGroup section */

/* Begin XCBuildConfiguration section */
		E4B450A51C49B7B30075E8B3 /* Debug */ = {
			isa = XCBuildConfiguration;
			buildSettings = {
				ALWAYS_SEARCH_USER_PATHS = NO;
				CLANG_CXX_LANGUAGE_STANDARD = "gnu++0x";
				CLANG_CXX_LIBRARY = "libc++";
				CLANG_ENABLE_MODULES = YES;
				CLANG_ENABLE_OBJC_ARC = YES;
				CLANG_WARN_BOOL_CONVERSION = YES;
				CLANG_WARN_CONSTANT_CONVERSION = YES;
				CLANG_WARN_DIRECT_OBJC_ISA_USAGE = YES_ERROR;
				CLANG_WARN_EMPTY_BODY = YES;
				CLANG_WARN_ENUM_CONVERSION = YES;
				CLANG_WARN_INT_CONVERSION = YES;
				CLANG_WARN_OBJC_ROOT_CLASS = YES_ERROR;
				CLANG_WARN_UNREACHABLE_CODE = YES;
				CLANG_WARN__DUPLICATE_METHOD_MATCH = YES;
				"CODE_SIGN_IDENTITY[sdk=iphoneos*]" = "iPhone Developer";
				COPY_PHASE_STRIP = NO;
				DEBUG_INFORMATION_FORMAT = dwarf;
				ENABLE_STRICT_OBJC_MSGSEND = YES;
				ENABLE_TESTABILITY = YES;
				GCC_C_LANGUAGE_STANDARD = gnu99;
				GCC_DYNAMIC_NO_PIC = NO;
				GCC_NO_COMMON_BLOCKS = YES;
				GCC_OPTIMIZATION_LEVEL = 0;
				GCC_PREPROCESSOR_DEFINITIONS = (
					"DEBUG=1",
					"$(inherited)",
				);
				GCC_WARN_64_TO_32_BIT_CONVERSION = YES;
				GCC_WARN_ABOUT_RETURN_TYPE = YES_ERROR;
				GCC_WARN_UNDECLARED_SELECTOR = YES;
				GCC_WARN_UNINITIALIZED_AUTOS = YES_AGGRESSIVE;
				GCC_WARN_UNUSED_FUNCTION = YES;
				GCC_WARN_UNUSED_VARIABLE = YES;
				IPHONEOS_DEPLOYMENT_TARGET = 9.2;
				MTL_ENABLE_DEBUG_INFO = YES;
				ONLY_ACTIVE_ARCH = YES;
				SDKROOT = iphoneos;
				SWIFT_OPTIMIZATION_LEVEL = "-Onone";
				TARGETED_DEVICE_FAMILY = "1,2";
			};
			name = Debug;
		};
		E4B450A61C49B7B30075E8B3 /* Release */ = {
			isa = XCBuildConfiguration;
			buildSettings = {
				ALWAYS_SEARCH_USER_PATHS = NO;
				CLANG_CXX_LANGUAGE_STANDARD = "gnu++0x";
				CLANG_CXX_LIBRARY = "libc++";
				CLANG_ENABLE_MODULES = YES;
				CLANG_ENABLE_OBJC_ARC = YES;
				CLANG_WARN_BOOL_CONVERSION = YES;
				CLANG_WARN_CONSTANT_CONVERSION = YES;
				CLANG_WARN_DIRECT_OBJC_ISA_USAGE = YES_ERROR;
				CLANG_WARN_EMPTY_BODY = YES;
				CLANG_WARN_ENUM_CONVERSION = YES;
				CLANG_WARN_INT_CONVERSION = YES;
				CLANG_WARN_OBJC_ROOT_CLASS = YES_ERROR;
				CLANG_WARN_UNREACHABLE_CODE = YES;
				CLANG_WARN__DUPLICATE_METHOD_MATCH = YES;
				"CODE_SIGN_IDENTITY[sdk=iphoneos*]" = "iPhone Developer";
				COPY_PHASE_STRIP = NO;
				DEBUG_INFORMATION_FORMAT = "dwarf-with-dsym";
				ENABLE_NS_ASSERTIONS = NO;
				ENABLE_STRICT_OBJC_MSGSEND = YES;
				GCC_C_LANGUAGE_STANDARD = gnu99;
				GCC_NO_COMMON_BLOCKS = YES;
				GCC_WARN_64_TO_32_BIT_CONVERSION = YES;
				GCC_WARN_ABOUT_RETURN_TYPE = YES_ERROR;
				GCC_WARN_UNDECLARED_SELECTOR = YES;
				GCC_WARN_UNINITIALIZED_AUTOS = YES_AGGRESSIVE;
				GCC_WARN_UNUSED_FUNCTION = YES;
				GCC_WARN_UNUSED_VARIABLE = YES;
				IPHONEOS_DEPLOYMENT_TARGET = 9.2;
				MTL_ENABLE_DEBUG_INFO = NO;
				SDKROOT = iphoneos;
				TARGETED_DEVICE_FAMILY = "1,2";
				VALIDATE_PRODUCT = YES;
			};
			name = Release;
		};
		E4B450A81C49B7B30075E8B3 /* Debug */ = {
			isa = XCBuildConfiguration;
			buildSettings = {
				ASSETCATALOG_COMPILER_APPICON_NAME = AppIcon;
				INFOPLIST_FILE = "Grocery List/Info.plist";
				LD_RUNPATH_SEARCH_PATHS = "$(inherited) @executable_path/Frameworks";
				PRODUCT_BUNDLE_IDENTIFIER = "edu.Roman.Puzey.Grocery-List";
				PRODUCT_NAME = "$(TARGET_NAME)";
			};
			name = Debug;
		};
		E4B450A91C49B7B30075E8B3 /* Release */ = {
			isa = XCBuildConfiguration;
			buildSettings = {
				ASSETCATALOG_COMPILER_APPICON_NAME = AppIcon;
				INFOPLIST_FILE = "Grocery List/Info.plist";
				LD_RUNPATH_SEARCH_PATHS = "$(inherited) @executable_path/Frameworks";
				PRODUCT_BUNDLE_IDENTIFIER = "edu.Roman.Puzey.Grocery-List";
				PRODUCT_NAME = "$(TARGET_NAME)";
			};
			name = Release;
		};
		E4B450AB1C49B7B30075E8B3 /* Debug */ = {
			isa = XCBuildConfiguration;
			buildSettings = {
				BUNDLE_LOADER = "$(TEST_HOST)";
				INFOPLIST_FILE = "Grocery ListTests/Info.plist";
				LD_RUNPATH_SEARCH_PATHS = "$(inherited) @executable_path/Frameworks @loader_path/Frameworks";
				PRODUCT_BUNDLE_IDENTIFIER = "edu.Roman.Puzey.Grocery-ListTests";
				PRODUCT_NAME = "$(TARGET_NAME)";
				TEST_HOST = "$(BUILT_PRODUCTS_DIR)/Grocery List.app/Grocery List";
			};
			name = Debug;
		};
		E4B450AC1C49B7B30075E8B3 /* Release */ = {
			isa = XCBuildConfiguration;
			buildSettings = {
				BUNDLE_LOADER = "$(TEST_HOST)";
				INFOPLIST_FILE = "Grocery ListTests/Info.plist";
				LD_RUNPATH_SEARCH_PATHS = "$(inherited) @executable_path/Frameworks @loader_path/Frameworks";
				PRODUCT_BUNDLE_IDENTIFIER = "edu.Roman.Puzey.Grocery-ListTests";
				PRODUCT_NAME = "$(TARGET_NAME)";
				TEST_HOST = "$(BUILT_PRODUCTS_DIR)/Grocery List.app/Grocery List";
			};
			name = Release;
		};
		E4B450AE1C49B7B30075E8B3 /* Debug */ = {
			isa = XCBuildConfiguration;
			buildSettings = {
				INFOPLIST_FILE = "Grocery ListUITests/Info.plist";
				LD_RUNPATH_SEARCH_PATHS = "$(inherited) @executable_path/Frameworks @loader_path/Frameworks";
				PRODUCT_BUNDLE_IDENTIFIER = "edu.Roman.Puzey.Grocery-ListUITests";
				PRODUCT_NAME = "$(TARGET_NAME)";
				TEST_TARGET_NAME = "Grocery List";
				USES_XCTRUNNER = YES;
			};
			name = Debug;
		};
		E4B450AF1C49B7B30075E8B3 /* Release */ = {
			isa = XCBuildConfiguration;
			buildSettings = {
				INFOPLIST_FILE = "Grocery ListUITests/Info.plist";
				LD_RUNPATH_SEARCH_PATHS = "$(inherited) @executable_path/Frameworks @loader_path/Frameworks";
				PRODUCT_BUNDLE_IDENTIFIER = "edu.Roman.Puzey.Grocery-ListUITests";
				PRODUCT_NAME = "$(TARGET_NAME)";
				TEST_TARGET_NAME = "Grocery List";
				USES_XCTRUNNER = YES;
			};
			name = Release;
		};
/* End XCBuildConfiguration section */

/* Begin XCConfigurationList section */
		E4B450771C49B7B30075E8B3 /* Build configuration list for PBXProject "Grocery List" */ = {
			isa = XCConfigurationList;
			buildConfigurations = (
				E4B450A51C49B7B30075E8B3 /* Debug */,
				E4B450A61C49B7B30075E8B3 /* Release */,
			);
			defaultConfigurationIsVisible = 0;
			defaultConfigurationName = Release;
		};
		E4B450A71C49B7B30075E8B3 /* Build configuration list for PBXNativeTarget "Grocery List" */ = {
			isa = XCConfigurationList;
			buildConfigurations = (
				E4B450A81C49B7B30075E8B3 /* Debug */,
				E4B450A91C49B7B30075E8B3 /* Release */,
			);
			defaultConfigurationIsVisible = 0;
		};
		E4B450AA1C49B7B30075E8B3 /* Build configuration list for PBXNativeTarget "Grocery ListTests" */ = {
			isa = XCConfigurationList;
			buildConfigurations = (
				E4B450AB1C49B7B30075E8B3 /* Debug */,
				E4B450AC1C49B7B30075E8B3 /* Release */,
			);
			defaultConfigurationIsVisible = 0;
		};
		E4B450AD1C49B7B30075E8B3 /* Build configuration list for PBXNativeTarget "Grocery ListUITests" */ = {
			isa = XCConfigurationList;
			buildConfigurations = (
				E4B450AE1C49B7B30075E8B3 /* Debug */,
				E4B450AF1C49B7B30075E8B3 /* Release */,
			);
			defaultConfigurationIsVisible = 0;
		};
/* End XCConfigurationList section */

/* Begin XCVersionGroup section */
		E4B450861C49B7B30075E8B3 /* Grocery_List.xcdatamodeld */ = {
			isa = XCVersionGroup;
			children = (
				E4B450871C49B7B30075E8B3 /* Grocery_List.xcdatamodel */,
			);
			currentVersion = E4B450871C49B7B30075E8B3 /* Grocery_List.xcdatamodel */;
			path = Grocery_List.xcdatamodeld;
			sourceTree = "<group>";
			versionGroupType = wrapper.xcdatamodel;
		};
/* End XCVersionGroup section */
	};
	rootObject = E4B450741C49B7B30075E8B3 /* Project object */;
}
